// !$*UTF8*$!
{
	archiveVersion = 1;
	classes = {
	};
	objectVersion = 77;
	objects = {

/* Begin PBXContainerItemProxy section */
		3ABDC2542E3F60E600C9E2BD /* PBXContainerItemProxy */ = {
			isa = PBXContainerItemProxy;
			containerPortal = 3ABDC23B2E3F60E500C9E2BD /* Project object */;
			proxyType = 1;
			remoteGlobalIDString = 3ABDC2422E3F60E500C9E2BD;
			remoteInfo = OptionCallAgent;
		};
		3ABDC25E2E3F60E600C9E2BD /* PBXContainerItemProxy */ = {
			isa = PBXContainerItemProxy;
			containerPortal = 3ABDC23B2E3F60E500C9E2BD /* Project object */;
			proxyType = 1;
			remoteGlobalIDString = 3ABDC2422E3F60E500C9E2BD;
			remoteInfo = OptionCallAgent;
		};
/* End PBXContainerItemProxy section */

/* Begin PBXFileReference section */
		3ABDC2432E3F60E500C9E2BD /* OptionCallAgent.app */ = {isa = PBXFileReference; explicitFileType = wrapper.application; includeInIndex = 0; path = OptionCallAgent.app; sourceTree = BUILT_PRODUCTS_DIR; };
		3ABDC2532E3F60E600C9E2BD /* OptionCallAgentTests.xctest */ = {isa = PBXFileReference; explicitFileType = wrapper.cfbundle; includeInIndex = 0; path = OptionCallAgentTests.xctest; sourceTree = BUILT_PRODUCTS_DIR; };
		3ABDC25D2E3F60E600C9E2BD /* OptionCallAgentUITests.xctest */ = {isa = PBXFileReference; explicitFileType = wrapper.cfbundle; includeInIndex = 0; path = OptionCallAgentUITests.xctest; sourceTree = BUILT_PRODUCTS_DIR; };
/* End PBXFileReference section */

/* Begin PBXFileSystemSynchronizedRootGroup section */
		3ABDC2452E3F60E500C9E2BD /* OptionCallAgent */ = {
			isa = PBXFileSystemSynchronizedRootGroup;
			path = OptionCallAgent;
			sourceTree = "<group>";
		};
		3ABDC2562E3F60E600C9E2BD /* OptionCallAgentTests */ = {
			isa = PBXFileSystemSynchronizedRootGroup;
			path = OptionCallAgentTests;
			sourceTree = "<group>";
		};
		3ABDC2602E3F60E600C9E2BD /* OptionCallAgentUITests */ = {
			isa = PBXFileSystemSynchronizedRootGroup;
			path = OptionCallAgentUITests;
			sourceTree = "<group>";
		};
/* End PBXFileSystemSynchronizedRootGroup section */

/* Begin PBXFrameworksBuildPhase section */
		3ABDC2402E3F60E500C9E2BD /* Frameworks */ = {
			isa = PBXFrameworksBuildPhase;
			buildActionMask = 2147483647;
			files = (
			);
			runOnlyForDeploymentPostprocessing = 0;
		};
		3ABDC2502E3F60E600C9E2BD /* Frameworks */ = {
			isa = PBXFrameworksBuildPhase;
			buildActionMask = 2147483647;
			files = (
			);
			runOnlyForDeploymentPostprocessing = 0;
		};
		3ABDC25A2E3F60E600C9E2BD /* Frameworks */ = {
			isa = PBXFrameworksBuildPhase;
			buildActionMask = 2147483647;
			files = (
			);
			runOnlyForDeploymentPostprocessing = 0;
		};
/* End PBXFrameworksBuildPhase section */

/* Begin PBXGroup section */
		3ABDC23A2E3F60E500C9E2BD = {
			isa = PBXGroup;
			children = (
				3ABDC2452E3F60E500C9E2BD /* OptionCallAgent */,
				3ABDC2562E3F60E600C9E2BD /* OptionCallAgentTests */,
				3ABDC2602E3F60E600C9E2BD /* OptionCallAgentUITests */,
				3ABDC2442E3F60E500C9E2BD /* Products */,
			);
			sourceTree = "<group>";
		};
		3ABDC2442E3F60E500C9E2BD /* Products */ = {
			isa = PBXGroup;
			children = (
				3ABDC2432E3F60E500C9E2BD /* OptionCallAgent.app */,
				3ABDC2532E3F60E600C9E2BD /* OptionCallAgentTests.xctest */,
				3ABDC25D2E3F60E600C9E2BD /* OptionCallAgentUITests.xctest */,
			);
			name = Products;
			sourceTree = "<group>";
		};
/* End PBXGroup section */

/* Begin PBXNativeTarget section */
		3ABDC2422E3F60E500C9E2BD /* OptionCallAgent */ = {
			isa = PBXNativeTarget;
			buildConfigurationList = 3ABDC2672E3F60E600C9E2BD /* Build configuration list for PBXNativeTarget "OptionCallAgent" */;
			buildPhases = (
				3ABDC23F2E3F60E500C9E2BD /* Sources */,
				3ABDC2402E3F60E500C9E2BD /* Frameworks */,
				3ABDC2412E3F60E500C9E2BD /* Resources */,
			);
			buildRules = (
			);
			dependencies = (
			);
			fileSystemSynchronizedGroups = (
				3ABDC2452E3F60E500C9E2BD /* OptionCallAgent */,
			);
			name = OptionCallAgent;
			packageProductDependencies = (
			);
			productName = OptionCallAgent;
			productReference = 3ABDC2432E3F60E500C9E2BD /* OptionCallAgent.app */;
			productType = "com.apple.product-type.application";
		};
		3ABDC2522E3F60E600C9E2BD /* OptionCallAgentTests */ = {
			isa = PBXNativeTarget;
			buildConfigurationList = 3ABDC26A2E3F60E600C9E2BD /* Build configuration list for PBXNativeTarget "OptionCallAgentTests" */;
			buildPhases = (
				3ABDC24F2E3F60E600C9E2BD /* Sources */,
				3ABDC2502E3F60E600C9E2BD /* Frameworks */,
				3ABDC2512E3F60E600C9E2BD /* Resources */,
			);
			buildRules = (
			);
			dependencies = (
				3ABDC2552E3F60E600C9E2BD /* PBXTargetDependency */,
			);
			fileSystemSynchronizedGroups = (
				3ABDC2562E3F60E600C9E2BD /* OptionCallAgentTests */,
			);
			name = OptionCallAgentTests;
			packageProductDependencies = (
			);
			productName = OptionCallAgentTests;
			productReference = 3ABDC2532E3F60E600C9E2BD /* OptionCallAgentTests.xctest */;
			productType = "com.apple.product-type.bundle.unit-test";
		};
		3ABDC25C2E3F60E600C9E2BD /* OptionCallAgentUITests */ = {
			isa = PBXNativeTarget;
			buildConfigurationList = 3ABDC26D2E3F60E600C9E2BD /* Build configuration list for PBXNativeTarget "OptionCallAgentUITests" */;
			buildPhases = (
				3ABDC2592E3F60E600C9E2BD /* Sources */,
				3ABDC25A2E3F60E600C9E2BD /* Frameworks */,
				3ABDC25B2E3F60E600C9E2BD /* Resources */,
			);
			buildRules = (
			);
			dependencies = (
				3ABDC25F2E3F60E600C9E2BD /* PBXTargetDependency */,
			);
			fileSystemSynchronizedGroups = (
				3ABDC2602E3F60E600C9E2BD /* OptionCallAgentUITests */,
			);
			name = OptionCallAgentUITests;
			packageProductDependencies = (
			);
			productName = OptionCallAgentUITests;
			productReference = 3ABDC25D2E3F60E600C9E2BD /* OptionCallAgentUITests.xctest */;
			productType = "com.apple.product-type.bundle.ui-testing";
		};
/* End PBXNativeTarget section */

/* Begin PBXProject section */
		3ABDC23B2E3F60E500C9E2BD /* Project object */ = {
			isa = PBXProject;
			attributes = {
				BuildIndependentTargetsInParallel = 1;
				LastSwiftUpdateCheck = 1620;
				LastUpgradeCheck = 1620;
				TargetAttributes = {
					3ABDC2422E3F60E500C9E2BD = {
						CreatedOnToolsVersion = 16.2;
					};
					3ABDC2522E3F60E600C9E2BD = {
						CreatedOnToolsVersion = 16.2;
						TestTargetID = 3ABDC2422E3F60E500C9E2BD;
					};
					3ABDC25C2E3F60E600C9E2BD = {
						CreatedOnToolsVersion = 16.2;
						TestTargetID = 3ABDC2422E3F60E500C9E2BD;
					};
				};
			};
			buildConfigurationList = 3ABDC23E2E3F60E500C9E2BD /* Build configuration list for PBXProject "OptionCallAgent" */;
			developmentRegion = en;
			hasScannedForEncodings = 0;
			knownRegions = (
				en,
				Base,
			);
			mainGroup = 3ABDC23A2E3F60E500C9E2BD;
			minimizedProjectReferenceProxies = 1;
			preferredProjectObjectVersion = 77;
			productRefGroup = 3ABDC2442E3F60E500C9E2BD /* Products */;
			projectDirPath = "";
			projectRoot = "";
			targets = (
				3ABDC2422E3F60E500C9E2BD /* OptionCallAgent */,
				3ABDC2522E3F60E600C9E2BD /* OptionCallAgentTests */,
				3ABDC25C2E3F60E600C9E2BD /* OptionCallAgentUITests */,
			);
		};
/* End PBXProject section */

/* Begin PBXResourcesBuildPhase section */
		3ABDC2412E3F60E500C9E2BD /* Resources */ = {
			isa = PBXResourcesBuildPhase;
			buildActionMask = 2147483647;
			files = (
			);
			runOnlyForDeploymentPostprocessing = 0;
		};
		3ABDC2512E3F60E600C9E2BD /* Resources */ = {
			isa = PBXResourcesBuildPhase;
			buildActionMask = 2147483647;
			files = (
			);
			runOnlyForDeploymentPostprocessing = 0;
		};
		3ABDC25B2E3F60E600C9E2BD /* Resources */ = {
			isa = PBXResourcesBuildPhase;
			buildActionMask = 2147483647;
			files = (
			);
			runOnlyForDeploymentPostprocessing = 0;
		};
/* End PBXResourcesBuildPhase section */

/* Begin PBXSourcesBuildPhase section */
		3ABDC23F2E3F60E500C9E2BD /* Sources */ = {
			isa = PBXSourcesBuildPhase;
			buildActionMask = 2147483647;
			files = (
			);
			runOnlyForDeploymentPostprocessing = 0;
		};
		3ABDC24F2E3F60E600C9E2BD /* Sources */ = {
			isa = PBXSourcesBuildPhase;
			buildActionMask = 2147483647;
			files = (
			);
			runOnlyForDeploymentPostprocessing = 0;
		};
		3ABDC2592E3F60E600C9E2BD /* Sources */ = {
			isa = PBXSourcesBuildPhase;
			buildActionMask = 2147483647;
			files = (
			);
			runOnlyForDeploymentPostprocessing = 0;
		};
/* End PBXSourcesBuildPhase section */

/* Begin PBXTargetDependency section */
		3ABDC2552E3F60E600C9E2BD /* PBXTargetDependency */ = {
			isa = PBXTargetDependency;
			target = 3ABDC2422E3F60E500C9E2BD /* OptionCallAgent */;
			targetProxy = 3ABDC2542E3F60E600C9E2BD /* PBXContainerItemProxy */;
		};
		3ABDC25F2E3F60E600C9E2BD /* PBXTargetDependency */ = {
			isa = PBXTargetDependency;
			target = 3ABDC2422E3F60E500C9E2BD /* OptionCallAgent */;
			targetProxy = 3ABDC25E2E3F60E600C9E2BD /* PBXContainerItemProxy */;
		};
/* End PBXTargetDependency section */

/* Begin XCBuildConfiguration section */
		3ABDC2652E3F60E600C9E2BD /* Debug */ = {
			isa = XCBuildConfiguration;
			buildSettings = {
				ALWAYS_SEARCH_USER_PATHS = NO;
				ASSETCATALOG_COMPILER_GENERATE_SWIFT_ASSET_SYMBOL_EXTENSIONS = YES;
				CLANG_ANALYZER_NONNULL = YES;
				CLANG_ANALYZER_NUMBER_OBJECT_CONVERSION = YES_AGGRESSIVE;
				CLANG_CXX_LANGUAGE_STANDARD = "gnu++20";
				CLANG_ENABLE_MODULES = YES;
				CLANG_ENABLE_OBJC_ARC = YES;
				CLANG_ENABLE_OBJC_WEAK = YES;
				CLANG_WARN_BLOCK_CAPTURE_AUTORELEASING = YES;
				CLANG_WARN_BOOL_CONVERSION = YES;
				CLANG_WARN_COMMA = YES;
				CLANG_WARN_CONSTANT_CONVERSION = YES;
				CLANG_WARN_DEPRECATED_OBJC_IMPLEMENTATIONS = YES;
				CLANG_WARN_DIRECT_OBJC_ISA_USAGE = YES_ERROR;
				CLANG_WARN_DOCUMENTATION_COMMENTS = YES;
				CLANG_WARN_EMPTY_BODY = YES;
				CLANG_WARN_ENUM_CONVERSION = YES;
				CLANG_WARN_INFINITE_RECURSION = YES;
				CLANG_WARN_INT_CONVERSION = YES;
				CLANG_WARN_NON_LITERAL_NULL_CONVERSION = YES;
				CLANG_WARN_OBJC_IMPLICIT_RETAIN_SELF = YES;
				CLANG_WARN_OBJC_LITERAL_CONVERSION = YES;
				CLANG_WARN_OBJC_ROOT_CLASS = YES_ERROR;
				CLANG_WARN_QUOTED_INCLUDE_IN_FRAMEWORK_HEADER = YES;
				CLANG_WARN_RANGE_LOOP_ANALYSIS = YES;
				CLANG_WARN_STRICT_PROTOTYPES = YES;
				CLANG_WARN_SUSPICIOUS_MOVE = YES;
				CLANG_WARN_UNGUARDED_AVAILABILITY = YES_AGGRESSIVE;
				CLANG_WARN_UNREACHABLE_CODE = YES;
				CLANG_WARN__DUPLICATE_METHOD_MATCH = YES;
				COPY_PHASE_STRIP = NO;
				DEBUG_INFORMATION_FORMAT = dwarf;
				ENABLE_STRICT_OBJC_MSGSEND = YES;
				ENABLE_TESTABILITY = YES;
				ENABLE_USER_SCRIPT_SANDBOXING = YES;
				GCC_C_LANGUAGE_STANDARD = gnu17;
				GCC_DYNAMIC_NO_PIC = NO;
				GCC_NO_COMMON_BLOCKS = YES;
				GCC_OPTIMIZATION_LEVEL = 0;
				GCC_PREPROCESSOR_DEFINITIONS = (
					"DEBUG=1",
					"$(inherited)",
				);
				GCC_WARN_64_TO_32_BIT_CONVERSION = YES;
				GCC_WARN_ABOUT_RETURN_TYPE = YES_ERROR;
				GCC_WARN_UNDECLARED_SELECTOR = YES;
				GCC_WARN_UNINITIALIZED_AUTOS = YES_AGGRESSIVE;
				GCC_WARN_UNUSED_FUNCTION = YES;
				GCC_WARN_UNUSED_VARIABLE = YES;
				IPHONEOS_DEPLOYMENT_TARGET = 18.2;
				LOCALIZATION_PREFERS_STRING_CATALOGS = YES;
				MTL_ENABLE_DEBUG_INFO = INCLUDE_SOURCE;
				MTL_FAST_MATH = YES;
				ONLY_ACTIVE_ARCH = YES;
				SDKROOT = iphoneos;
				SWIFT_ACTIVE_COMPILATION_CONDITIONS = "DEBUG $(inherited)";
				SWIFT_OPTIMIZATION_LEVEL = "-Onone";
			};
			name = Debug;
		};
		3ABDC2662E3F60E600C9E2BD /* Release */ = {
			isa = XCBuildConfiguration;
			buildSettings = {
				ALWAYS_SEARCH_USER_PATHS = NO;
				ASSETCATALOG_COMPILER_GENERATE_SWIFT_ASSET_SYMBOL_EXTENSIONS = YES;
				CLANG_ANALYZER_NONNULL = YES;
				CLANG_ANALYZER_NUMBER_OBJECT_CONVERSION = YES_AGGRESSIVE;
				CLANG_CXX_LANGUAGE_STANDARD = "gnu++20";
				CLANG_ENABLE_MODULES = YES;
				CLANG_ENABLE_OBJC_ARC = YES;
				CLANG_ENABLE_OBJC_WEAK = YES;
				CLANG_WARN_BLOCK_CAPTURE_AUTORELEASING = YES;
				CLANG_WARN_BOOL_CONVERSION = YES;
				CLANG_WARN_COMMA = YES;
				CLANG_WARN_CONSTANT_CONVERSION = YES;
				CLANG_WARN_DEPRECATED_OBJC_IMPLEMENTATIONS = YES;
				CLANG_WARN_DIRECT_OBJC_ISA_USAGE = YES_ERROR;
				CLANG_WARN_DOCUMENTATION_COMMENTS = YES;
				CLANG_WARN_EMPTY_BODY = YES;
				CLANG_WARN_ENUM_CONVERSION = YES;
				CLANG_WARN_INFINITE_RECURSION = YES;
				CLANG_WARN_INT_CONVERSION = YES;
				CLANG_WARN_NON_LITERAL_NULL_CONVERSION = YES;
				CLANG_WARN_OBJC_IMPLICIT_RETAIN_SELF = YES;
				CLANG_WARN_OBJC_LITERAL_CONVERSION = YES;
				CLANG_WARN_OBJC_ROOT_CLASS = YES_ERROR;
				CLANG_WARN_QUOTED_INCLUDE_IN_FRAMEWORK_HEADER = YES;
				CLANG_WARN_RANGE_LOOP_ANALYSIS = YES;
				CLANG_WARN_STRICT_PROTOTYPES = YES;
				CLANG_WARN_SUSPICIOUS_MOVE = YES;
				CLANG_WARN_UNGUARDED_AVAILABILITY = YES_AGGRESSIVE;
				CLANG_WARN_UNREACHABLE_CODE = YES;
				CLANG_WARN__DUPLICATE_METHOD_MATCH = YES;
				COPY_PHASE_STRIP = NO;
				DEBUG_INFORMATION_FORMAT = "dwarf-with-dsym";
				ENABLE_NS_ASSERTIONS = NO;
				ENABLE_STRICT_OBJC_MSGSEND = YES;
				ENABLE_USER_SCRIPT_SANDBOXING = YES;
				GCC_C_LANGUAGE_STANDARD = gnu17;
				GCC_NO_COMMON_BLOCKS = YES;
				GCC_WARN_64_TO_32_BIT_CONVERSION = YES;
				GCC_WARN_ABOUT_RETURN_TYPE = YES_ERROR;
				GCC_WARN_UNDECLARED_SELECTOR = YES;
				GCC_WARN_UNINITIALIZED_AUTOS = YES_AGGRESSIVE;
				GCC_WARN_UNUSED_FUNCTION = YES;
				GCC_WARN_UNUSED_VARIABLE = YES;
				IPHONEOS_DEPLOYMENT_TARGET = 18.2;
				LOCALIZATION_PREFERS_STRING_CATALOGS = YES;
				MTL_ENABLE_DEBUG_INFO = NO;
				MTL_FAST_MATH = YES;
				SDKROOT = iphoneos;
				SWIFT_COMPILATION_MODE = wholemodule;
				VALIDATE_PRODUCT = YES;
			};
			name = Release;
		};
		3ABDC2682E3F60E600C9E2BD /* Debug */ = {
			isa = XCBuildConfiguration;
			buildSettings = {
				ASSETCATALOG_COMPILER_APPICON_NAME = AppIcon;
				ASSETCATALOG_COMPILER_GLOBAL_ACCENT_COLOR_NAME = AccentColor;
				CODE_SIGN_STYLE = Automatic;
				CURRENT_PROJECT_VERSION = 1;
				DEVELOPMENT_ASSET_PATHS = "\"OptionCallAgent/Preview Content\"";
				ENABLE_PREVIEWS = YES;
				GENERATE_INFOPLIST_FILE = YES;
				INFOPLIST_KEY_UIApplicationSceneManifest_Generation = YES;
				INFOPLIST_KEY_UIApplicationSupportsIndirectInputEvents = YES;
				INFOPLIST_KEY_UILaunchScreen_Generation = YES;
				INFOPLIST_KEY_UISupportedInterfaceOrientations_iPad = "UIInterfaceOrientationPortrait UIInterfaceOrientationPortraitUpsideDown UIInterfaceOrientationLandscapeLeft UIInterfaceOrientationLandscapeRight";
				INFOPLIST_KEY_UISupportedInterfaceOrientations_iPhone = "UIInterfaceOrientationPortrait UIInterfaceOrientationLandscapeLeft UIInterfaceOrientationLandscapeRight";
				LD_RUNPATH_SEARCH_PATHS = (
					"$(inherited)",
					"@executable_path/Frameworks",
				);
				MARKETING_VERSION = 1.0;
				PRODUCT_BUNDLE_IDENTIFIER = org.harshAI.OptionCallAgent;
				PRODUCT_NAME = "$(TARGET_NAME)";
				SWIFT_EMIT_LOC_STRINGS = YES;
				SWIFT_VERSION = 5.0;
				TARGETED_DEVICE_FAMILY = "1,2";
			};
			name = Debug;
		};
		3ABDC2692E3F60E600C9E2BD /* Release */ = {
			isa = XCBuildConfiguration;
			buildSettings = {
				ASSETCATALOG_COMPILER_APPICON_NAME = AppIcon;
				ASSETCATALOG_COMPILER_GLOBAL_ACCENT_COLOR_NAME = AccentColor;
				CODE_SIGN_STYLE = Automatic;
				CURRENT_PROJECT_VERSION = 1;
				DEVELOPMENT_ASSET_PATHS = "\"OptionCallAgent/Preview Content\"";
				ENABLE_PREVIEWS = YES;
				GENERATE_INFOPLIST_FILE = YES;
				INFOPLIST_KEY_UIApplicationSceneManifest_Generation = YES;
				INFOPLIST_KEY_UIApplicationSupportsIndirectInputEvents = YES;
				INFOPLIST_KEY_UILaunchScreen_Generation = YES;
				INFOPLIST_KEY_UISupportedInterfaceOrientations_iPad = "UIInterfaceOrientationPortrait UIInterfaceOrientationPortraitUpsideDown UIInterfaceOrientationLandscapeLeft UIInterfaceOrientationLandscapeRight";
				INFOPLIST_KEY_UISupportedInterfaceOrientations_iPhone = "UIInterfaceOrientationPortrait UIInterfaceOrientationLandscapeLeft UIInterfaceOrientationLandscapeRight";
				LD_RUNPATH_SEARCH_PATHS = (
					"$(inherited)",
					"@executable_path/Frameworks",
				);
				MARKETING_VERSION = 1.0;
				PRODUCT_BUNDLE_IDENTIFIER = org.harshAI.OptionCallAgent;
				PRODUCT_NAME = "$(TARGET_NAME)";
				SWIFT_EMIT_LOC_STRINGS = YES;
				SWIFT_VERSION = 5.0;
				TARGETED_DEVICE_FAMILY = "1,2";
			};
			name = Release;
		};
		3ABDC26B2E3F60E600C9E2BD /* Debug */ = {
			isa = XCBuildConfiguration;
			buildSettings = {
				BUNDLE_LOADER = "$(TEST_HOST)";
				CODE_SIGN_STYLE = Automatic;
				CURRENT_PROJECT_VERSION = 1;
				GENERATE_INFOPLIST_FILE = YES;
				IPHONEOS_DEPLOYMENT_TARGET = 18.2;
				MARKETING_VERSION = 1.0;
				PRODUCT_BUNDLE_IDENTIFIER = org.harshAI.OptionCallAgentTests;
				PRODUCT_NAME = "$(TARGET_NAME)";
				SWIFT_EMIT_LOC_STRINGS = NO;
				SWIFT_VERSION = 5.0;
				TARGETED_DEVICE_FAMILY = "1,2";
				TEST_HOST = "$(BUILT_PRODUCTS_DIR)/OptionCallAgent.app/$(BUNDLE_EXECUTABLE_FOLDER_PATH)/OptionCallAgent";
			};
			name = Debug;
		};
		3ABDC26C2E3F60E600C9E2BD /* Release */ = {
			isa = XCBuildConfiguration;
			buildSettings = {
				BUNDLE_LOADER = "$(TEST_HOST)";
				CODE_SIGN_STYLE = Automatic;
				CURRENT_PROJECT_VERSION = 1;
				GENERATE_INFOPLIST_FILE = YES;
				IPHONEOS_DEPLOYMENT_TARGET = 18.2;
				MARKETING_VERSION = 1.0;
				PRODUCT_BUNDLE_IDENTIFIER = org.harshAI.OptionCallAgentTests;
				PRODUCT_NAME = "$(TARGET_NAME)";
				SWIFT_EMIT_LOC_STRINGS = NO;
				SWIFT_VERSION = 5.0;
				TARGETED_DEVICE_FAMILY = "1,2";
				TEST_HOST = "$(BUILT_PRODUCTS_DIR)/OptionCallAgent.app/$(BUNDLE_EXECUTABLE_FOLDER_PATH)/OptionCallAgent";
			};
			name = Release;
		};
		3ABDC26E2E3F60E600C9E2BD /* Debug */ = {
			isa = XCBuildConfiguration;
			buildSettings = {
				CODE_SIGN_STYLE = Automatic;
				CURRENT_PROJECT_VERSION = 1;
				GENERATE_INFOPLIST_FILE = YES;
				MARKETING_VERSION = 1.0;
				PRODUCT_BUNDLE_IDENTIFIER = org.harshAI.OptionCallAgentUITests;
				PRODUCT_NAME = "$(TARGET_NAME)";
				SWIFT_EMIT_LOC_STRINGS = NO;
				SWIFT_VERSION = 5.0;
				TARGETED_DEVICE_FAMILY = "1,2";
				TEST_TARGET_NAME = OptionCallAgent;
			};
			name = Debug;
		};
		3ABDC26F2E3F60E600C9E2BD /* Release */ = {
			isa = XCBuildConfiguration;
			buildSettings = {
				CODE_SIGN_STYLE = Automatic;
				CURRENT_PROJECT_VERSION = 1;
				GENERATE_INFOPLIST_FILE = YES;
				MARKETING_VERSION = 1.0;
				PRODUCT_BUNDLE_IDENTIFIER = org.harshAI.OptionCallAgentUITests;
				PRODUCT_NAME = "$(TARGET_NAME)";
				SWIFT_EMIT_LOC_STRINGS = NO;
				SWIFT_VERSION = 5.0;
				TARGETED_DEVICE_FAMILY = "1,2";
				TEST_TARGET_NAME = OptionCallAgent;
			};
			name = Release;
		};
/* End XCBuildConfiguration section */

/* Begin XCConfigurationList section */
		3ABDC23E2E3F60E500C9E2BD /* Build configuration list for PBXProject "OptionCallAgent" */ = {
			isa = XCConfigurationList;
			buildConfigurations = (
				3ABDC2652E3F60E600C9E2BD /* Debug */,
				3ABDC2662E3F60E600C9E2BD /* Release */,
			);
			defaultConfigurationIsVisible = 0;
			defaultConfigurationName = Release;
		};
		3ABDC2672E3F60E600C9E2BD /* Build configuration list for PBXNativeTarget "OptionCallAgent" */ = {
			isa = XCConfigurationList;
			buildConfigurations = (
				3ABDC2682E3F60E600C9E2BD /* Debug */,
				3ABDC2692E3F60E600C9E2BD /* Release */,
			);
			defaultConfigurationIsVisible = 0;
			defaultConfigurationName = Release;
		};
		3ABDC26A2E3F60E600C9E2BD /* Build configuration list for PBXNativeTarget "OptionCallAgentTests" */ = {
			isa = XCConfigurationList;
			buildConfigurations = (
				3ABDC26B2E3F60E600C9E2BD /* Debug */,
				3ABDC26C2E3F60E600C9E2BD /* Release */,
			);
			defaultConfigurationIsVisible = 0;
			defaultConfigurationName = Release;
		};
		3ABDC26D2E3F60E600C9E2BD /* Build configuration list for PBXNativeTarget "OptionCallAgentUITests" */ = {
			isa = XCConfigurationList;
			buildConfigurations = (
				3ABDC26E2E3F60E600C9E2BD /* Debug */,
				3ABDC26F2E3F60E600C9E2BD /* Release */,
			);
			defaultConfigurationIsVisible = 0;
			defaultConfigurationName = Release;
		};
/* End XCConfigurationList section */
	};
	rootObject = 3ABDC23B2E3F60E500C9E2BD /* Project object */;
}
